
Microsoft Visual Studio Solution File, Format Version 12.00
# Visual Studio Version 17
VisualStudioVersion = 17.2.32519.379
MinimumVisualStudioVersion = 10.0.40219.1
Project("{FAE04EC0-301F-11D3-BF4B-00C04F79EFBC}") = "ZDToolbox", "ZDToolbox\ZDToolbox.csproj", "{B5027F3A-78D7-4463-B3FD-5CADF04B164C}"
EndProject
Global
	GlobalSection(SolutionConfigurationPlatforms) = preSolution
		Debug|Any CPU = Debug|Any CPU
		Release|Any CPU = Release|Any CPU
	EndGlobalSection
	GlobalSection(ProjectConfigurationPlatforms) = postSolution
		{B5027F3A-78D7-4463-B3FD-5CADF04B164C}.Debug|Any CPU.ActiveCfg = Debug|Any CPU
		{B5027F3A-78D7-4463-B3FD-5CADF04B164C}.Debug|Any CPU.Build.0 = Debug|Any CPU
		{B5027F3A-78D7-4463-B3FD-5CADF04B164C}.Release|Any CPU.ActiveCfg = Release|Any CPU
		{B5027F3A-78D7-4463-B3FD-5CADF04B164C}.Release|Any CPU.Build.0 = Release|Any CPU
	EndGlobalSection
	GlobalSection(SolutionProperties) = preSolution
		HideSolutionNode = FALSE
	EndGlobalSection
	GlobalSection(ExtensibilityGlobals) = postSolution
		SolutionGuid = {97B616D6-DDC6-4C6B-8B76-AC481B26EF10}
	EndGlobalSection
EndGlobal
